
Microsoft Visual Studio Solution File, Format Version 12.00
# Visual Studio Version 17
VisualStudioVersion = 17.11.35327.3
MinimumVisualStudioVersion = 10.0.40219.1
Project("{FAE04EC0-301F-11D3-BF4B-00C04F79EFBC}") = "backend", "backend.csproj", "{6DF0C226-29D6-4AB5-AA40-BB6019EBE706}"
EndProject
Global
	GlobalSection(SolutionConfigurationPlatforms) = preSolution
		Debug|Any CPU = Debug|Any CPU
		Release|Any CPU = Release|Any CPU
	EndGlobalSection
	GlobalSection(ProjectConfigurationPlatforms) = postSolution
		{6DF0C226-29D6-4AB5-AA40-BB6019EBE706}.Debug|Any CPU.ActiveCfg = Debug|Any CPU
		{6DF0C226-29D6-4AB5-AA40-BB6019EBE706}.Debug|Any CPU.Build.0 = Debug|Any CPU
		{6DF0C226-29D6-4AB5-AA40-BB6019EBE706}.Release|Any CPU.ActiveCfg = Release|Any CPU
		{6DF0C226-29D6-4AB5-AA40-BB6019EBE706}.Release|Any CPU.Build.0 = Release|Any CPU
	EndGlobalSection
	GlobalSection(SolutionProperties) = preSolution
		HideSolutionNode = FALSE
	EndGlobalSection
	GlobalSection(ExtensibilityGlobals) = postSolution
		SolutionGuid = {EEA9AE01-96F4-443F-839E-65A45DAA9429}
	EndGlobalSection
EndGlobal
